# This file is automatically @generated by Cargo.
# It is not intended for manual editing.
[[package]]
name = "axum"
version = "0.7.2"
source = "registry+https://github.com/rust-lang/crates.io-index"
checksum = "c5c7e3bb0f71900c9cc2274f8c44650c5b93ee5d8a3c845cdd21c24de1c07052"

[[package]]
name = "tokio"
version = "1.35.1"
source = "registry+https://github.com/rust-lang/crates.io-index"
checksum = "a7a9814c206fe89b9eb0bbdb4dcb0184c3fc6ebbb50882a23a0153a41eb0fbc0"
dependencies = [
 "mio",
 "parking_lot",
]

[[package]]
name = "sequoia-openpgp"
version = "1.15.0"
source = "registry+https://github.com/rust-lang/crates.io-index"
checksum = "dd6f8a53e2d15d7eeb6c3769a0d038ee3b75b7f2563e2b8d18a8ebffefcda6c7"

[[package]]
name = "serde"
version = "1.0.197"
source = "registry+https://github.com/rust-lang/crates.io-index"
checksum = "479f203a93a2d4ce064799a453b527e3cf0c319a2c44353fa328b66204a5d92f"

[[package]]
name = "serde_json"
version = "1.0.115"
source = "registry+https://github.com/rust-lang/crates.io-index"
checksum = "f0b9f8f2c4a79e3c4d7ab3d0e2dc90582c44d25865ff7e8b94ae45555f615afe"

[[package]]
name = "anyhow"
version = "1.0.86"
source = "registry+https://github.com/rust-lang/crates.io-index"
checksum = "7cb118a646ecde489f9ec5be89a5ad0c9d69e5d388054bb0b63dfb36aebd0e97"

[[package]]
name = "thiserror"
version = "1.0.60"
source = "registry+https://github.com/rust-lang/crates.io-index"
checksum = "e5275c2e51c0aa43f5b2817dbe142c1d8d14e3f61e46a8b46d94d5896495d78a"

[metadata]
"checksum axum 0.7.2" = "c5c7e3bb0f71900c9cc2274f8c44650c5b93ee5d8a3c845cdd21c24de1c07052"
"checksum tokio 1.35.1" = "a7a9814c206fe89b9eb0bbdb4dcb0184c3fc6ebbb50882a23a0153a41eb0fbc0"
"checksum sequoia-openpgp 1.15.0" = "dd6f8a53e2d15d7eeb6c3769a0d038ee3b75b7f2563e2b8d18a8ebffefcda6c7"
"checksum serde 1.0.197" = "479f203a93a2d4ce064799a453b527e3cf0c319a2c44353fa328b66204a5d92f"
"checksum serde_json 1.0.115" = "f0b9f8f2c4a79e3c4d7ab3d0e2dc90582c44d25865ff7e8b94ae45555f615afe"
"checksum anyhow 1.0.86" = "7cb118a646ecde489f9ec5be89a5ad0c9d69e5d388054bb0b63dfb36aebd0e97"
"checksum thiserror 1.0.60" = "e5275c2e51c0aa43f5b2817dbe142c1d8d14e3f61e46a8b46d94d5896495d78a"
